
Microsoft Visual Studio Solution File, Format Version 12.00
# Visual Studio Version 17
VisualStudioVersion = 17.14.37216.2 d17.14
MinimumVisualStudioVersion = 10.0.40219.1
Project("{FAE04EC0-301F-11D3-BF4B-00C04F79EFBC}") = "MTC.Log", "MTC.Log.csproj", "{98F446F7-858F-047A-91F7-4265D95EBF2F}"
EndProject
Global
	GlobalSection(SolutionConfigurationPlatforms) = preSolution
		Cliente|Any CPU = Cliente|Any CPU
		ClienteServidor|Any CPU = ClienteServidor|Any CPU
		Debug|Any CPU = Debug|Any CPU
		Release|Any CPU = Release|Any CPU
		Servidor|Any CPU = Servidor|Any CPU
	EndGlobalSection
	GlobalSection(ProjectConfigurationPlatforms) = postSolution
		{98F446F7-858F-047A-91F7-4265D95EBF2F}.Cliente|Any CPU.ActiveCfg = Cliente|Any CPU
		{98F446F7-858F-047A-91F7-4265D95EBF2F}.Cliente|Any CPU.Build.0 = Cliente|Any CPU
		{98F446F7-858F-047A-91F7-4265D95EBF2F}.ClienteServidor|Any CPU.ActiveCfg = ClienteServidor|Any CPU
		{98F446F7-858F-047A-91F7-4265D95EBF2F}.ClienteServidor|Any CPU.Build.0 = ClienteServidor|Any CPU
		{98F446F7-858F-047A-91F7-4265D95EBF2F}.Debug|Any CPU.ActiveCfg = Debug|Any CPU
		{98F446F7-858F-047A-91F7-4265D95EBF2F}.Debug|Any CPU.Build.0 = Debug|Any CPU
		{98F446F7-858F-047A-91F7-4265D95EBF2F}.Release|Any CPU.ActiveCfg = Release|Any CPU
		{98F446F7-858F-047A-91F7-4265D95EBF2F}.Release|Any CPU.Build.0 = Release|Any CPU
		{98F446F7-858F-047A-91F7-4265D95EBF2F}.Servidor|Any CPU.ActiveCfg = Servidor|Any CPU
		{98F446F7-858F-047A-91F7-4265D95EBF2F}.Servidor|Any CPU.Build.0 = Servidor|Any CPU
	EndGlobalSection
	GlobalSection(SolutionProperties) = preSolution
		HideSolutionNode = FALSE
	EndGlobalSection
	GlobalSection(ExtensibilityGlobals) = postSolution
		SolutionGuid = {E1FFC2BF-B340-40CE-A04A-218B184EC037}
	EndGlobalSection
EndGlobal
